
Microsoft Visual Studio Solution File, Format Version 12.00
# Visual Studio Version 17
VisualStudioVersion = 17.14.36221.1 d17.14
MinimumVisualStudioVersion = 10.0.40219.1
Project("{FAE04EC0-301F-11D3-BF4B-00C04F79EFBC}") = "Nast.Html2Pdf", "Nast.Html2Pdf\Nast.Html2Pdf.csproj", "{6C08B6B5-BF11-4905-B441-CA3570891B07}"
EndProject
Global
	GlobalSection(SolutionConfigurationPlatforms) = preSolution
		Debug|Any CPU = Debug|Any CPU
		Release|Any CPU = Release|Any CPU
	EndGlobalSection
	GlobalSection(ProjectConfigurationPlatforms) = postSolution
		{6C08B6B5-BF11-4905-B441-CA3570891B07}.Debug|Any CPU.ActiveCfg = Debug|Any CPU
		{6C08B6B5-BF11-4905-B441-CA3570891B07}.Debug|Any CPU.Build.0 = Debug|Any CPU
		{6C08B6B5-BF11-4905-B441-CA3570891B07}.Release|Any CPU.ActiveCfg = Release|Any CPU
		{6C08B6B5-BF11-4905-B441-CA3570891B07}.Release|Any CPU.Build.0 = Release|Any CPU
	EndGlobalSection
	GlobalSection(SolutionProperties) = preSolution
		HideSolutionNode = FALSE
	EndGlobalSection
	GlobalSection(ExtensibilityGlobals) = postSolution
		SolutionGuid = {73F85962-4BFF-47A2-B358-6A9E0A1DE255}
	EndGlobalSection
EndGlobal
